// !$*UTF8*$!
{
	archiveVersion = 1;
	classes = {
	};
	objectVersion = 50;
	objects = {

/* Begin PBXBuildFile section */
		576326B7229629AC00D405B5 /* AppDelegate.swift in Sources */ = {isa = PBXBuildFile; fileRef = 576326B6229629AC00D405B5 /* AppDelegate.swift */; };
		576326B9229629AC00D405B5 /* ViewController.swift in Sources */ = {isa = PBXBuildFile; fileRef = 576326B8229629AC00D405B5 /* ViewController.swift */; };
		576326BC229629AC00D405B5 /* Main.storyboard in Resources */ = {isa = PBXBuildFile; fileRef = 576326BA229629AC00D405B5 /* Main.storyboard */; };
		576326BE229629B000D405B5 /* Assets.xcassets in Resources */ = {isa = PBXBuildFile; fileRef = 576326BD229629B000D405B5 /* Assets.xcassets */; };
		576326C1229629B000D405B5 /* LaunchScreen.storyboard in Resources */ = {isa = PBXBuildFile; fileRef = 576326BF229629B000D405B5 /* LaunchScreen.storyboard */; };
		576326C922962B4D00D405B5 /* ClassStruct.swift in Sources */ = {isa = PBXBuildFile; fileRef = 576326C822962B4D00D405B5 /* ClassStruct.swift */; };
		576326CB22962CDA00D405B5 /* ClassTableViewCell.swift in Sources */ = {isa = PBXBuildFile; fileRef = 576326CA22962CDA00D405B5 /* ClassTableViewCell.swift */; };
/* End PBXBuildFile section */

/* Begin PBXFileReference section */
		576326B3229629AC00D405B5 /* ClassTable.app */ = {isa = PBXFileReference; explicitFileType = wrapper.application; includeInIndex = 0; path = ClassTable.app; sourceTree = BUILT_PRODUCTS_DIR; };
		576326B6229629AC00D405B5 /* AppDelegate.swift */ = {isa = PBXFileReference; lastKnownFileType = sourcecode.swift; path = AppDelegate.swift; sourceTree = "<group>"; };
		576326B8229629AC00D405B5 /* ViewController.swift */ = {isa = PBXFileReference; lastKnownFileType = sourcecode.swift; path = ViewController.swift; sourceTree = "<group>"; };
		576326BB229629AC00D405B5 /* Base */ = {isa = PBXFileReference; lastKnownFileType = file.storyboard; name = Base; path = Base.lproj/Main.storyboard; sourceTree = "<group>"; };
		576326BD229629B000D405B5 /* Assets.xcassets */ = {isa = PBXFileReference; lastKnownFileType = folder.assetcatalog; path = Assets.xcassets; sourceTree = "<group>"; };
		576326C0229629B000D405B5 /* Base */ = {isa = PBXFileReference; lastKnownFileType = file.storyboard; name = Base; path = Base.lproj/LaunchScreen.storyboard; sourceTree = "<group>"; };
		576326C2229629B000D405B5 /* Info.plist */ = {isa = PBXFileReference; lastKnownFileType = text.plist.xml; path = Info.plist; sourceTree = "<group>"; };
		576326C822962B4D00D405B5 /* ClassStruct.swift */ = {isa = PBXFileReference; lastKnownFileType = sourcecode.swift; path = ClassStruct.swift; sourceTree = "<group>"; };
		576326CA22962CDA00D405B5 /* ClassTableViewCell.swift */ = {isa = PBXFileReference; lastKnownFileType = sourcecode.swift; path = ClassTableViewCell.swift; sourceTree = "<group>"; };
/* End PBXFileReference section */

/* Begin PBXFrameworksBuildPhase section */
		576326B0229629AC00D405B5 /* Frameworks */ = {
			isa = PBXFrameworksBuildPhase;
			buildActionMask = 2147483647;
			files = (
			);
			runOnlyForDeploymentPostprocessing = 0;
		};
/* End PBXFrameworksBuildPhase section */

/* Begin PBXGroup section */
		576326AA229629AC00D405B5 = {
			isa = PBXGroup;
			children = (
				576326B5229629AC00D405B5 /* ClassTable */,
				576326B4229629AC00D405B5 /* Products */,
			);
			sourceTree = "<group>";
		};
		576326B4229629AC00D405B5 /* Products */ = {
			isa = PBXGroup;
			children = (
				576326B3229629AC00D405B5 /* ClassTable.app */,
			);
			name = Products;
			sourceTree = "<group>";
		};
		576326B5229629AC00D405B5 /* ClassTable */ = {
			isa = PBXGroup;
			children = (
				576326B6229629AC00D405B5 /* AppDelegate.swift */,
				576326B8229629AC00D405B5 /* ViewController.swift */,
				576326BA229629AC00D405B5 /* Main.storyboard */,
				576326C822962B4D00D405B5 /* ClassStruct.swift */,
				576326CA22962CDA00D405B5 /* ClassTableViewCell.swift */,
				576326BD229629B000D405B5 /* Assets.xcassets */,
				576326BF229629B000D405B5 /* LaunchScreen.storyboard */,
				576326C2229629B000D405B5 /* Info.plist */,
			);
			path = ClassTable;
			sourceTree = "<group>";
		};
/* End PBXGroup section */

/* Begin PBXNativeTarget section */
		576326B2229629AC00D405B5 /* ClassTable */ = {
			isa = PBXNativeTarget;
			buildConfigurationList = 576326C5229629B000D405B5 /* Build configuration list for PBXNativeTarget "ClassTable" */;
			buildPhases = (
				576326AF229629AC00D405B5 /* Sources */,
				576326B0229629AC00D405B5 /* Frameworks */,
				576326B1229629AC00D405B5 /* Resources */,
			);
			buildRules = (
			);
			dependencies = (
			);
			name = ClassTable;
			productName = ClassTable;
			productReference = 576326B3229629AC00D405B5 /* ClassTable.app */;
			productType = "com.apple.product-type.application";
		};
/* End PBXNativeTarget section */

/* Begin PBXProject section */
		576326AB229629AC00D405B5 /* Project object */ = {
			isa = PBXProject;
			attributes = {
				LastSwiftUpdateCheck = 1010;
				LastUpgradeCheck = 1010;
				ORGANIZATIONNAME = "Teddy Nasahachart";
				TargetAttributes = {
					576326B2229629AC00D405B5 = {
						CreatedOnToolsVersion = 10.1;
					};
				};
			};
			buildConfigurationList = 576326AE229629AC00D405B5 /* Build configuration list for PBXProject "ClassTable" */;
			compatibilityVersion = "Xcode 9.3";
			developmentRegion = en;
			hasScannedForEncodings = 0;
			knownRegions = (
				en,
				Base,
			);
			mainGroup = 576326AA229629AC00D405B5;
			productRefGroup = 576326B4229629AC00D405B5 /* Products */;
			projectDirPath = "";
			projectRoot = "";
			targets = (
				576326B2229629AC00D405B5 /* ClassTable */,
			);
		};
/* End PBXProject section */

/* Begin PBXResourcesBuildPhase section */
		576326B1229629AC00D405B5 /* Resources */ = {
			isa = PBXResourcesBuildPhase;
			buildActionMask = 2147483647;
			files = (
				576326C1229629B000D405B5 /* LaunchScreen.storyboard in Resources */,
				576326BE229629B000D405B5 /* Assets.xcassets in Resources */,
				576326BC229629AC00D405B5 /* Main.storyboard in Resources */,
			);
			runOnlyForDeploymentPostprocessing = 0;
		};
/* End PBXResourcesBuildPhase section */

/* Begin PBXSourcesBuildPhase section */
		576326AF229629AC00D405B5 /* Sources */ = {
			isa = PBXSourcesBuildPhase;
			buildActionMask = 2147483647;
			files = (
				576326CB22962CDA00D405B5 /* ClassTableViewCell.swift in Sources */,
				576326B9229629AC00D405B5 /* ViewController.swift in Sources */,
				576326B7229629AC00D405B5 /* AppDelegate.swift in Sources */,
				576326C922962B4D00D405B5 /* ClassStruct.swift in Sources */,
			);
			runOnlyForDeploymentPostprocessing = 0;
		};
/* End PBXSourcesBuildPhase section */

/* Begin PBXVariantGroup section */
		576326BA229629AC00D405B5 /* Main.storyboard */ = {
			isa = PBXVariantGroup;
			children = (
				576326BB229629AC00D405B5 /* Base */,
			);
			name = Main.storyboard;
			sourceTree = "<group>";
		};
		576326BF229629B000D405B5 /* LaunchScreen.storyboard */ = {
			isa = PBXVariantGroup;
			children = (
				576326C0229629B000D405B5 /* Base */,
			);
			name = LaunchScreen.storyboard;
			sourceTree = "<group>";
		};
/* End PBXVariantGroup section */

/* Begin XCBuildConfiguration section */
		576326C3229629B000D405B5 /* Debug */ = {
			isa = XCBuildConfiguration;
			buildSettings = {
				ALWAYS_SEARCH_USER_PATHS = NO;
				CLANG_ANALYZER_NONNULL = YES;
				CLANG_ANALYZER_NUMBER_OBJECT_CONVERSION = YES_AGGRESSIVE;
				CLANG_CXX_LANGUAGE_STANDARD = "gnu++14";
				CLANG_CXX_LIBRARY = "libc++";
				CLANG_ENABLE_MODULES = YES;
				CLANG_ENABLE_OBJC_ARC = YES;
				CLANG_ENABLE_OBJC_WEAK = YES;
				CLANG_WARN_BLOCK_CAPTURE_AUTORELEASING = YES;
				CLANG_WARN_BOOL_CONVERSION = YES;
				CLANG_WARN_COMMA = YES;
				CLANG_WARN_CONSTANT_CONVERSION = YES;
				CLANG_WARN_DEPRECATED_OBJC_IMPLEMENTATIONS = YES;
				CLANG_WARN_DIRECT_OBJC_ISA_USAGE = YES_ERROR;
				CLANG_WARN_DOCUMENTATION_COMMENTS = YES;
				CLANG_WARN_EMPTY_BODY = YES;
				CLANG_WARN_ENUM_CONVERSION = YES;
				CLANG_WARN_INFINITE_RECURSION = YES;
				CLANG_WARN_INT_CONVERSION = YES;
				CLANG_WARN_NON_LITERAL_NULL_CONVERSION = YES;
				CLANG_WARN_OBJC_IMPLICIT_RETAIN_SELF = YES;
				CLANG_WARN_OBJC_LITERAL_CONVERSION = YES;
				CLANG_WARN_OBJC_ROOT_CLASS = YES_ERROR;
				CLANG_WARN_RANGE_LOOP_ANALYSIS = YES;
				CLANG_WARN_STRICT_PROTOTYPES = YES;
				CLANG_WARN_SUSPICIOUS_MOVE = YES;
				CLANG_WARN_UNGUARDED_AVAILABILITY = YES_AGGRESSIVE;
				CLANG_WARN_UNREACHABLE_CODE = YES;
				CLANG_WARN__DUPLICATE_METHOD_MATCH = YES;
				CODE_SIGN_IDENTITY = "iPhone Developer";
				COPY_PHASE_STRIP = NO;
				DEBUG_INFORMATION_FORMAT = dwarf;
				ENABLE_STRICT_OBJC_MSGSEND = YES;
				ENABLE_TESTABILITY = YES;
				GCC_C_LANGUAGE_STANDARD = gnu11;
				GCC_DYNAMIC_NO_PIC = NO;
				GCC_NO_COMMON_BLOCKS = YES;
				GCC_OPTIMIZATION_LEVEL = 0;
				GCC_PREPROCESSOR_DEFINITIONS = (
					"DEBUG=1",
					"$(inherited)",
				);
				GCC_WARN_64_TO_32_BIT_CONVERSION = YES;
				GCC_WARN_ABOUT_RETURN_TYPE = YES_ERROR;
				GCC_WARN_UNDECLARED_SELECTOR = YES;
				GCC_WARN_UNINITIALIZED_AUTOS = YES_AGGRESSIVE;
				GCC_WARN_UNUSED_FUNCTION = YES;
				GCC_WARN_UNUSED_VARIABLE = YES;
				IPHONEOS_DEPLOYMENT_TARGET = 12.1;
				MTL_ENABLE_DEBUG_INFO = INCLUDE_SOURCE;
				MTL_FAST_MATH = YES;
				ONLY_ACTIVE_ARCH = YES;
				SDKROOT = iphoneos;
				SWIFT_ACTIVE_COMPILATION_CONDITIONS = DEBUG;
				SWIFT_OPTIMIZATION_LEVEL = "-Onone";
			};
			name = Debug;
		};
		576326C4229629B000D405B5 /* Release */ = {
			isa = XCBuildConfiguration;
			buildSettings = {
				ALWAYS_SEARCH_USER_PATHS = NO;
				CLANG_ANALYZER_NONNULL = YES;
				CLANG_ANALYZER_NUMBER_OBJECT_CONVERSION = YES_AGGRESSIVE;
				CLANG_CXX_LANGUAGE_STANDARD = "gnu++14";
				CLANG_CXX_LIBRARY = "libc++";
				CLANG_ENABLE_MODULES = YES;
				CLANG_ENABLE_OBJC_ARC = YES;
				CLANG_ENABLE_OBJC_WEAK = YES;
				CLANG_WARN_BLOCK_CAPTURE_AUTORELEASING = YES;
				CLANG_WARN_BOOL_CONVERSION = YES;
				CLANG_WARN_COMMA = YES;
				CLANG_WARN_CONSTANT_CONVERSION = YES;
				CLANG_WARN_DEPRECATED_OBJC_IMPLEMENTATIONS = YES;
				CLANG_WARN_DIRECT_OBJC_ISA_USAGE = YES_ERROR;
				CLANG_WARN_DOCUMENTATION_COMMENTS = YES;
				CLANG_WARN_EMPTY_BODY = YES;
				CLANG_WARN_ENUM_CONVERSION = YES;
				CLANG_WARN_INFINITE_RECURSION = YES;
				CLANG_WARN_INT_CONVERSION = YES;
				CLANG_WARN_NON_LITERAL_NULL_CONVERSION = YES;
				CLANG_WARN_OBJC_IMPLICIT_RETAIN_SELF = YES;
				CLANG_WARN_OBJC_LITERAL_CONVERSION = YES;
				CLANG_WARN_OBJC_ROOT_CLASS = YES_ERROR;
				CLANG_WARN_RANGE_LOOP_ANALYSIS = YES;
				CLANG_WARN_STRICT_PROTOTYPES = YES;
				CLANG_WARN_SUSPICIOUS_MOVE = YES;
				CLANG_WARN_UNGUARDED_AVAILABILITY = YES_AGGRESSIVE;
				CLANG_WARN_UNREACHABLE_CODE = YES;
				CLANG_WARN__DUPLICATE_METHOD_MATCH = YES;
				CODE_SIGN_IDENTITY = "iPhone Developer";
				COPY_PHASE_STRIP = NO;
				DEBUG_INFORMATION_FORMAT = "dwarf-with-dsym";
				ENABLE_NS_ASSERTIONS = NO;
				ENABLE_STRICT_OBJC_MSGSEND = YES;
				GCC_C_LANGUAGE_STANDARD = gnu11;
				GCC_NO_COMMON_BLOCKS = YES;
				GCC_WARN_64_TO_32_BIT_CONVERSION = YES;
				GCC_WARN_ABOUT_RETURN_TYPE = YES_ERROR;
				GCC_WARN_UNDECLARED_SELECTOR = YES;
				GCC_WARN_UNINITIALIZED_AUTOS = YES_AGGRESSIVE;
				GCC_WARN_UNUSED_FUNCTION = YES;
				GCC_WARN_UNUSED_VARIABLE = YES;
				IPHONEOS_DEPLOYMENT_TARGET = 12.1;
				MTL_ENABLE_DEBUG_INFO = NO;
				MTL_FAST_MATH = YES;
				SDKROOT = iphoneos;
				SWIFT_COMPILATION_MODE = wholemodule;
				SWIFT_OPTIMIZATION_LEVEL = "-O";
				VALIDATE_PRODUCT = YES;
			};
			name = Release;
		};
		576326C6229629B000D405B5 /* Debug */ = {
			isa = XCBuildConfiguration;
			buildSettings = {
				ASSETCATALOG_COMPILER_APPICON_NAME = AppIcon;
				CODE_SIGN_STYLE = Automatic;
				INFOPLIST_FILE = ClassTable/Info.plist;
				LD_RUNPATH_SEARCH_PATHS = (
					"$(inherited)",
					"@executable_path/Frameworks",
				);
				PRODUCT_BUNDLE_IDENTIFIER = com.vfs.ClassTable;
				PRODUCT_NAME = "$(TARGET_NAME)";
				SWIFT_VERSION = 4.2;
				TARGETED_DEVICE_FAMILY = "1,2";
			};
			name = Debug;
		};
		576326C7229629B000D405B5 /* Release */ = {
			isa = XCBuildConfiguration;
			buildSettings = {
				ASSETCATALOG_COMPILER_APPICON_NAME = AppIcon;
				CODE_SIGN_STYLE = Automatic;
				INFOPLIST_FILE = ClassTable/Info.plist;
				LD_RUNPATH_SEARCH_PATHS = (
					"$(inherited)",
					"@executable_path/Frameworks",
				);
				PRODUCT_BUNDLE_IDENTIFIER = com.vfs.ClassTable;
				PRODUCT_NAME = "$(TARGET_NAME)";
				SWIFT_VERSION = 4.2;
				TARGETED_DEVICE_FAMILY = "1,2";
			};
			name = Release;
		};
/* End XCBuildConfiguration section */

/* Begin XCConfigurationList section */
		576326AE229629AC00D405B5 /* Build configuration list for PBXProject "ClassTable" */ = {
			isa = XCConfigurationList;
			buildConfigurations = (
				576326C3229629B000D405B5 /* Debug */,
				576326C4229629B000D405B5 /* Release */,
			);
			defaultConfigurationIsVisible = 0;
			defaultConfigurationName = Release;
		};
		576326C5229629B000D405B5 /* Build configuration list for PBXNativeTarget "ClassTable" */ = {
			isa = XCConfigurationList;
			buildConfigurations = (
				576326C6229629B000D405B5 /* Debug */,
				576326C7229629B000D405B5 /* Release */,
			);
			defaultConfigurationIsVisible = 0;
			defaultConfigurationName = Release;
		};
/* End XCConfigurationList section */
	};
	rootObject = 576326AB229629AC00D405B5 /* Project object */;
}
